{
  "object": {
    "pins": [
      {
        "package": "Reflection",
        "repositoryURL": "https://github.com/Zewo/Reflection.git",
        "state": {
          "branch": null,
          "revision": "84ebf21735e2268594bc829089e75a5846517a2f",
          "version": "0.14.4"
        }
      }
    ]
  },
  "version": 1
}
